
Microsoft Visual Studio Solution File, Format Version 12.00
# Visual Studio Version 17
VisualStudioVersion = 17.13.35919.96 d17.13
MinimumVisualStudioVersion = 10.0.40219.1
Project("{FAE04EC0-301F-11D3-BF4B-00C04F79EFBC}") = "GoogleFormsJson.app", "GoogleFormsJson.app\GoogleFormsJson.app.csproj", "{6A4BF256-B063-47F1-8324-817A653C0F8D}"
EndProject
Global
	GlobalSection(SolutionConfigurationPlatforms) = preSolution
		Debug|Any CPU = Debug|Any CPU
		Release|Any CPU = Release|Any CPU
	EndGlobalSection
	GlobalSection(ProjectConfigurationPlatforms) = postSolution
		{6A4BF256-B063-47F1-8324-817A653C0F8D}.Debug|Any CPU.ActiveCfg = Debug|Any CPU
		{6A4BF256-B063-47F1-8324-817A653C0F8D}.Debug|Any CPU.Build.0 = Debug|Any CPU
		{6A4BF256-B063-47F1-8324-817A653C0F8D}.Release|Any CPU.ActiveCfg = Release|Any CPU
		{6A4BF256-B063-47F1-8324-817A653C0F8D}.Release|Any CPU.Build.0 = Release|Any CPU
	EndGlobalSection
	GlobalSection(SolutionProperties) = preSolution
		HideSolutionNode = FALSE
	EndGlobalSection
	GlobalSection(ExtensibilityGlobals) = postSolution
		SolutionGuid = {8BB0C1CC-04C3-4065-B6CA-2358F4BF7EA6}
	EndGlobalSection
EndGlobal
